
Microsoft Visual Studio Solution File, Format Version 12.00
# Visual Studio 15
VisualStudioVersion = 15.0.27130.2036
MinimumVisualStudioVersion = 10.0.40219.1
Project("{FAE04EC0-301F-11D3-BF4B-00C04F79EFBC}") = "VistexInternship", "VistexInternship\VistexInternship.csproj", "{B243C0AF-FA53-4B02-8E7A-DABB7D65D4A0}"
EndProject
Project("{FAE04EC0-301F-11D3-BF4B-00C04F79EFBC}") = "VistexInternshipTests", "VistexInternshipTests\VistexInternshipTests.csproj", "{8E2A089F-469E-4D61-A9A9-492E684CD3D2}"
EndProject
Global
	GlobalSection(SolutionConfigurationPlatforms) = preSolution
		Debug|Any CPU = Debug|Any CPU
		Release|Any CPU = Release|Any CPU
	EndGlobalSection
	GlobalSection(ProjectConfigurationPlatforms) = postSolution
		{B243C0AF-FA53-4B02-8E7A-DABB7D65D4A0}.Debug|Any CPU.ActiveCfg = Debug|Any CPU
		{B243C0AF-FA53-4B02-8E7A-DABB7D65D4A0}.Debug|Any CPU.Build.0 = Debug|Any CPU
		{B243C0AF-FA53-4B02-8E7A-DABB7D65D4A0}.Release|Any CPU.ActiveCfg = Release|Any CPU
		{B243C0AF-FA53-4B02-8E7A-DABB7D65D4A0}.Release|Any CPU.Build.0 = Release|Any CPU
		{8E2A089F-469E-4D61-A9A9-492E684CD3D2}.Debug|Any CPU.ActiveCfg = Debug|Any CPU
		{8E2A089F-469E-4D61-A9A9-492E684CD3D2}.Debug|Any CPU.Build.0 = Debug|Any CPU
		{8E2A089F-469E-4D61-A9A9-492E684CD3D2}.Release|Any CPU.ActiveCfg = Release|Any CPU
		{8E2A089F-469E-4D61-A9A9-492E684CD3D2}.Release|Any CPU.Build.0 = Release|Any CPU
	EndGlobalSection
	GlobalSection(SolutionProperties) = preSolution
		HideSolutionNode = FALSE
	EndGlobalSection
	GlobalSection(ExtensibilityGlobals) = postSolution
		SolutionGuid = {35EAE961-39F8-4F95-B3BE-3643BC1883E6}
	EndGlobalSection
EndGlobal
